// !$*UTF8*$!
{
	archiveVersion = 1;
	classes = {
	};
	objectVersion = 56;
	objects = {

/* Begin PBXBuildFile section */
		918BD48A2A48657B0047509D /* AppDelegate.swift in Sources */ = {isa = PBXBuildFile; fileRef = 918BD4892A48657B0047509D /* AppDelegate.swift */; };
		918BD48C2A48657B0047509D /* SceneDelegate.swift in Sources */ = {isa = PBXBuildFile; fileRef = 918BD48B2A48657B0047509D /* SceneDelegate.swift */; };
		918BD48E2A48657B0047509D /* ViewController.swift in Sources */ = {isa = PBXBuildFile; fileRef = 918BD48D2A48657B0047509D /* ViewController.swift */; };
		918BD4912A48657B0047509D /* Main.storyboard in Resources */ = {isa = PBXBuildFile; fileRef = 918BD48F2A48657B0047509D /* Main.storyboard */; };
		918BD4932A48657D0047509D /* Assets.xcassets in Resources */ = {isa = PBXBuildFile; fileRef = 918BD4922A48657D0047509D /* Assets.xcassets */; };
		918BD4962A48657D0047509D /* LaunchScreen.storyboard in Resources */ = {isa = PBXBuildFile; fileRef = 918BD4942A48657D0047509D /* LaunchScreen.storyboard */; };
		918BD4A12A48657D0047509D /* LecOneTestDemoTests.swift in Sources */ = {isa = PBXBuildFile; fileRef = 918BD4A02A48657D0047509D /* LecOneTestDemoTests.swift */; };
		918BD4AB2A48657D0047509D /* LecOneTestDemoUITests.swift in Sources */ = {isa = PBXBuildFile; fileRef = 918BD4AA2A48657D0047509D /* LecOneTestDemoUITests.swift */; };
		918BD4AD2A48657D0047509D /* LecOneTestDemoUITestsLaunchTests.swift in Sources */ = {isa = PBXBuildFile; fileRef = 918BD4AC2A48657D0047509D /* LecOneTestDemoUITestsLaunchTests.swift */; };
/* End PBXBuildFile section */

/* Begin PBXContainerItemProxy section */
		918BD49D2A48657D0047509D /* PBXContainerItemProxy */ = {
			isa = PBXContainerItemProxy;
			containerPortal = 918BD47E2A48657B0047509D /* Project object */;
			proxyType = 1;
			remoteGlobalIDString = 918BD4852A48657B0047509D;
			remoteInfo = LecOneTestDemo;
		};
		918BD4A72A48657D0047509D /* PBXContainerItemProxy */ = {
			isa = PBXContainerItemProxy;
			containerPortal = 918BD47E2A48657B0047509D /* Project object */;
			proxyType = 1;
			remoteGlobalIDString = 918BD4852A48657B0047509D;
			remoteInfo = LecOneTestDemo;
		};
/* End PBXContainerItemProxy section */

/* Begin PBXFileReference section */
		918BD4862A48657B0047509D /* LecOneTestDemo.app */ = {isa = PBXFileReference; explicitFileType = wrapper.application; includeInIndex = 0; path = LecOneTestDemo.app; sourceTree = BUILT_PRODUCTS_DIR; };
		918BD4892A48657B0047509D /* AppDelegate.swift */ = {isa = PBXFileReference; lastKnownFileType = sourcecode.swift; path = AppDelegate.swift; sourceTree = "<group>"; };
		918BD48B2A48657B0047509D /* SceneDelegate.swift */ = {isa = PBXFileReference; lastKnownFileType = sourcecode.swift; path = SceneDelegate.swift; sourceTree = "<group>"; };
		918BD48D2A48657B0047509D /* ViewController.swift */ = {isa = PBXFileReference; lastKnownFileType = sourcecode.swift; path = ViewController.swift; sourceTree = "<group>"; };
		918BD4902A48657B0047509D /* Base */ = {isa = PBXFileReference; lastKnownFileType = file.storyboard; name = Base; path = Base.lproj/Main.storyboard; sourceTree = "<group>"; };
		918BD4922A48657D0047509D /* Assets.xcassets */ = {isa = PBXFileReference; lastKnownFileType = folder.assetcatalog; path = Assets.xcassets; sourceTree = "<group>"; };
		918BD4952A48657D0047509D /* Base */ = {isa = PBXFileReference; lastKnownFileType = file.storyboard; name = Base; path = Base.lproj/LaunchScreen.storyboard; sourceTree = "<group>"; };
		918BD4972A48657D0047509D /* Info.plist */ = {isa = PBXFileReference; lastKnownFileType = text.plist.xml; path = Info.plist; sourceTree = "<group>"; };
		918BD49C2A48657D0047509D /* LecOneTestDemoTests.xctest */ = {isa = PBXFileReference; explicitFileType = wrapper.cfbundle; includeInIndex = 0; path = LecOneTestDemoTests.xctest; sourceTree = BUILT_PRODUCTS_DIR; };
		918BD4A02A48657D0047509D /* LecOneTestDemoTests.swift */ = {isa = PBXFileReference; lastKnownFileType = sourcecode.swift; path = LecOneTestDemoTests.swift; sourceTree = "<group>"; };
		918BD4A62A48657D0047509D /* LecOneTestDemoUITests.xctest */ = {isa = PBXFileReference; explicitFileType = wrapper.cfbundle; includeInIndex = 0; path = LecOneTestDemoUITests.xctest; sourceTree = BUILT_PRODUCTS_DIR; };
		918BD4AA2A48657D0047509D /* LecOneTestDemoUITests.swift */ = {isa = PBXFileReference; lastKnownFileType = sourcecode.swift; path = LecOneTestDemoUITests.swift; sourceTree = "<group>"; };
		918BD4AC2A48657D0047509D /* LecOneTestDemoUITestsLaunchTests.swift */ = {isa = PBXFileReference; lastKnownFileType = sourcecode.swift; path = LecOneTestDemoUITestsLaunchTests.swift; sourceTree = "<group>"; };
/* End PBXFileReference section */

/* Begin PBXFrameworksBuildPhase section */
		918BD4832A48657B0047509D /* Frameworks */ = {
			isa = PBXFrameworksBuildPhase;
			buildActionMask = 2147483647;
			files = (
			);
			runOnlyForDeploymentPostprocessing = 0;
		};
		918BD4992A48657D0047509D /* Frameworks */ = {
			isa = PBXFrameworksBuildPhase;
			buildActionMask = 2147483647;
			files = (
			);
			runOnlyForDeploymentPostprocessing = 0;
		};
		918BD4A32A48657D0047509D /* Frameworks */ = {
			isa = PBXFrameworksBuildPhase;
			buildActionMask = 2147483647;
			files = (
			);
			runOnlyForDeploymentPostprocessing = 0;
		};
/* End PBXFrameworksBuildPhase section */

/* Begin PBXGroup section */
		918BD47D2A48657B0047509D = {
			isa = PBXGroup;
			children = (
				918BD4882A48657B0047509D /* LecOneTestDemo */,
				918BD49F2A48657D0047509D /* LecOneTestDemoTests */,
				918BD4A92A48657D0047509D /* LecOneTestDemoUITests */,
				918BD4872A48657B0047509D /* Products */,
			);
			sourceTree = "<group>";
		};
		918BD4872A48657B0047509D /* Products */ = {
			isa = PBXGroup;
			children = (
				918BD4862A48657B0047509D /* LecOneTestDemo.app */,
				918BD49C2A48657D0047509D /* LecOneTestDemoTests.xctest */,
				918BD4A62A48657D0047509D /* LecOneTestDemoUITests.xctest */,
			);
			name = Products;
			sourceTree = "<group>";
		};
		918BD4882A48657B0047509D /* LecOneTestDemo */ = {
			isa = PBXGroup;
			children = (
				918BD4892A48657B0047509D /* AppDelegate.swift */,
				918BD48B2A48657B0047509D /* SceneDelegate.swift */,
				918BD48D2A48657B0047509D /* ViewController.swift */,
				918BD48F2A48657B0047509D /* Main.storyboard */,
				918BD4922A48657D0047509D /* Assets.xcassets */,
				918BD4942A48657D0047509D /* LaunchScreen.storyboard */,
				918BD4972A48657D0047509D /* Info.plist */,
			);
			path = LecOneTestDemo;
			sourceTree = "<group>";
		};
		918BD49F2A48657D0047509D /* LecOneTestDemoTests */ = {
			isa = PBXGroup;
			children = (
				918BD4A02A48657D0047509D /* LecOneTestDemoTests.swift */,
			);
			path = LecOneTestDemoTests;
			sourceTree = "<group>";
		};
		918BD4A92A48657D0047509D /* LecOneTestDemoUITests */ = {
			isa = PBXGroup;
			children = (
				918BD4AA2A48657D0047509D /* LecOneTestDemoUITests.swift */,
				918BD4AC2A48657D0047509D /* LecOneTestDemoUITestsLaunchTests.swift */,
			);
			path = LecOneTestDemoUITests;
			sourceTree = "<group>";
		};
/* End PBXGroup section */

/* Begin PBXNativeTarget section */
		918BD4852A48657B0047509D /* LecOneTestDemo */ = {
			isa = PBXNativeTarget;
			buildConfigurationList = 918BD4B02A48657D0047509D /* Build configuration list for PBXNativeTarget "LecOneTestDemo" */;
			buildPhases = (
				918BD4822A48657B0047509D /* Sources */,
				918BD4832A48657B0047509D /* Frameworks */,
				918BD4842A48657B0047509D /* Resources */,
			);
			buildRules = (
			);
			dependencies = (
			);
			name = LecOneTestDemo;
			productName = LecOneTestDemo;
			productReference = 918BD4862A48657B0047509D /* LecOneTestDemo.app */;
			productType = "com.apple.product-type.application";
		};
		918BD49B2A48657D0047509D /* LecOneTestDemoTests */ = {
			isa = PBXNativeTarget;
			buildConfigurationList = 918BD4B32A48657D0047509D /* Build configuration list for PBXNativeTarget "LecOneTestDemoTests" */;
			buildPhases = (
				918BD4982A48657D0047509D /* Sources */,
				918BD4992A48657D0047509D /* Frameworks */,
				918BD49A2A48657D0047509D /* Resources */,
			);
			buildRules = (
			);
			dependencies = (
				918BD49E2A48657D0047509D /* PBXTargetDependency */,
			);
			name = LecOneTestDemoTests;
			productName = LecOneTestDemoTests;
			productReference = 918BD49C2A48657D0047509D /* LecOneTestDemoTests.xctest */;
			productType = "com.apple.product-type.bundle.unit-test";
		};
		918BD4A52A48657D0047509D /* LecOneTestDemoUITests */ = {
			isa = PBXNativeTarget;
			buildConfigurationList = 918BD4B62A48657D0047509D /* Build configuration list for PBXNativeTarget "LecOneTestDemoUITests" */;
			buildPhases = (
				918BD4A22A48657D0047509D /* Sources */,
				918BD4A32A48657D0047509D /* Frameworks */,
				918BD4A42A48657D0047509D /* Resources */,
			);
			buildRules = (
			);
			dependencies = (
				918BD4A82A48657D0047509D /* PBXTargetDependency */,
			);
			name = LecOneTestDemoUITests;
			productName = LecOneTestDemoUITests;
			productReference = 918BD4A62A48657D0047509D /* LecOneTestDemoUITests.xctest */;
			productType = "com.apple.product-type.bundle.ui-testing";
		};
/* End PBXNativeTarget section */

/* Begin PBXProject section */
		918BD47E2A48657B0047509D /* Project object */ = {
			isa = PBXProject;
			attributes = {
				BuildIndependentTargetsInParallel = 1;
				LastSwiftUpdateCheck = 1420;
				LastUpgradeCheck = 1420;
				TargetAttributes = {
					918BD4852A48657B0047509D = {
						CreatedOnToolsVersion = 14.2;
					};
					918BD49B2A48657D0047509D = {
						CreatedOnToolsVersion = 14.2;
						TestTargetID = 918BD4852A48657B0047509D;
					};
					918BD4A52A48657D0047509D = {
						CreatedOnToolsVersion = 14.2;
						TestTargetID = 918BD4852A48657B0047509D;
					};
				};
			};
			buildConfigurationList = 918BD4812A48657B0047509D /* Build configuration list for PBXProject "LecOneTestDemo" */;
			compatibilityVersion = "Xcode 14.0";
			developmentRegion = en;
			hasScannedForEncodings = 0;
			knownRegions = (
				en,
				Base,
			);
			mainGroup = 918BD47D2A48657B0047509D;
			productRefGroup = 918BD4872A48657B0047509D /* Products */;
			projectDirPath = "";
			projectRoot = "";
			targets = (
				918BD4852A48657B0047509D /* LecOneTestDemo */,
				918BD49B2A48657D0047509D /* LecOneTestDemoTests */,
				918BD4A52A48657D0047509D /* LecOneTestDemoUITests */,
			);
		};
/* End PBXProject section */

/* Begin PBXResourcesBuildPhase section */
		918BD4842A48657B0047509D /* Resources */ = {
			isa = PBXResourcesBuildPhase;
			buildActionMask = 2147483647;
			files = (
				918BD4962A48657D0047509D /* LaunchScreen.storyboard in Resources */,
				918BD4932A48657D0047509D /* Assets.xcassets in Resources */,
				918BD4912A48657B0047509D /* Main.storyboard in Resources */,
			);
			runOnlyForDeploymentPostprocessing = 0;
		};
		918BD49A2A48657D0047509D /* Resources */ = {
			isa = PBXResourcesBuildPhase;
			buildActionMask = 2147483647;
			files = (
			);
			runOnlyForDeploymentPostprocessing = 0;
		};
		918BD4A42A48657D0047509D /* Resources */ = {
			isa = PBXResourcesBuildPhase;
			buildActionMask = 2147483647;
			files = (
			);
			runOnlyForDeploymentPostprocessing = 0;
		};
/* End PBXResourcesBuildPhase section */

/* Begin PBXSourcesBuildPhase section */
		918BD4822A48657B0047509D /* Sources */ = {
			isa = PBXSourcesBuildPhase;
			buildActionMask = 2147483647;
			files = (
				918BD48E2A48657B0047509D /* ViewController.swift in Sources */,
				918BD48A2A48657B0047509D /* AppDelegate.swift in Sources */,
				918BD48C2A48657B0047509D /* SceneDelegate.swift in Sources */,
			);
			runOnlyForDeploymentPostprocessing = 0;
		};
		918BD4982A48657D0047509D /* Sources */ = {
			isa = PBXSourcesBuildPhase;
			buildActionMask = 2147483647;
			files = (
				918BD4A12A48657D0047509D /* LecOneTestDemoTests.swift in Sources */,
			);
			runOnlyForDeploymentPostprocessing = 0;
		};
		918BD4A22A48657D0047509D /* Sources */ = {
			isa = PBXSourcesBuildPhase;
			buildActionMask = 2147483647;
			files = (
				918BD4AB2A48657D0047509D /* LecOneTestDemoUITests.swift in Sources */,
				918BD4AD2A48657D0047509D /* LecOneTestDemoUITestsLaunchTests.swift in Sources */,
			);
			runOnlyForDeploymentPostprocessing = 0;
		};
/* End PBXSourcesBuildPhase section */

/* Begin PBXTargetDependency section */
		918BD49E2A48657D0047509D /* PBXTargetDependency */ = {
			isa = PBXTargetDependency;
			target = 918BD4852A48657B0047509D /* LecOneTestDemo */;
			targetProxy = 918BD49D2A48657D0047509D /* PBXContainerItemProxy */;
		};
		918BD4A82A48657D0047509D /* PBXTargetDependency */ = {
			isa = PBXTargetDependency;
			target = 918BD4852A48657B0047509D /* LecOneTestDemo */;
			targetProxy = 918BD4A72A48657D0047509D /* PBXContainerItemProxy */;
		};
/* End PBXTargetDependency section */

/* Begin PBXVariantGroup section */
		918BD48F2A48657B0047509D /* Main.storyboard */ = {
			isa = PBXVariantGroup;
			children = (
				918BD4902A48657B0047509D /* Base */,
			);
			name = Main.storyboard;
			sourceTree = "<group>";
		};
		918BD4942A48657D0047509D /* LaunchScreen.storyboard */ = {
			isa = PBXVariantGroup;
			children = (
				918BD4952A48657D0047509D /* Base */,
			);
			name = LaunchScreen.storyboard;
			sourceTree = "<group>";
		};
/* End PBXVariantGroup section */

/* Begin XCBuildConfiguration section */
		918BD4AE2A48657D0047509D /* Debug */ = {
			isa = XCBuildConfiguration;
			buildSettings = {
				ALWAYS_SEARCH_USER_PATHS = NO;
				CLANG_ANALYZER_NONNULL = YES;
				CLANG_ANALYZER_NUMBER_OBJECT_CONVERSION = YES_AGGRESSIVE;
				CLANG_CXX_LANGUAGE_STANDARD = "gnu++20";
				CLANG_ENABLE_MODULES = YES;
				CLANG_ENABLE_OBJC_ARC = YES;
				CLANG_ENABLE_OBJC_WEAK = YES;
				CLANG_WARN_BLOCK_CAPTURE_AUTORELEASING = YES;
				CLANG_WARN_BOOL_CONVERSION = YES;
				CLANG_WARN_COMMA = YES;
				CLANG_WARN_CONSTANT_CONVERSION = YES;
				CLANG_WARN_DEPRECATED_OBJC_IMPLEMENTATIONS = YES;
				CLANG_WARN_DIRECT_OBJC_ISA_USAGE = YES_ERROR;
				CLANG_WARN_DOCUMENTATION_COMMENTS = YES;
				CLANG_WARN_EMPTY_BODY = YES;
				CLANG_WARN_ENUM_CONVERSION = YES;
				CLANG_WARN_INFINITE_RECURSION = YES;
				CLANG_WARN_INT_CONVERSION = YES;
				CLANG_WARN_NON_LITERAL_NULL_CONVERSION = YES;
				CLANG_WARN_OBJC_IMPLICIT_RETAIN_SELF = YES;
				CLANG_WARN_OBJC_LITERAL_CONVERSION = YES;
				CLANG_WARN_OBJC_ROOT_CLASS = YES_ERROR;
				CLANG_WARN_QUOTED_INCLUDE_IN_FRAMEWORK_HEADER = YES;
				CLANG_WARN_RANGE_LOOP_ANALYSIS = YES;
				CLANG_WARN_STRICT_PROTOTYPES = YES;
				CLANG_WARN_SUSPICIOUS_MOVE = YES;
				CLANG_WARN_UNGUARDED_AVAILABILITY = YES_AGGRESSIVE;
				CLANG_WARN_UNREACHABLE_CODE = YES;
				CLANG_WARN__DUPLICATE_METHOD_MATCH = YES;
				COPY_PHASE_STRIP = NO;
				DEBUG_INFORMATION_FORMAT = dwarf;
				ENABLE_STRICT_OBJC_MSGSEND = YES;
				ENABLE_TESTABILITY = YES;
				GCC_C_LANGUAGE_STANDARD = gnu11;
				GCC_DYNAMIC_NO_PIC = NO;
				GCC_NO_COMMON_BLOCKS = YES;
				GCC_OPTIMIZATION_LEVEL = 0;
				GCC_PREPROCESSOR_DEFINITIONS = (
					"DEBUG=1",
					"$(inherited)",
				);
				GCC_WARN_64_TO_32_BIT_CONVERSION = YES;
				GCC_WARN_ABOUT_RETURN_TYPE = YES_ERROR;
				GCC_WARN_UNDECLARED_SELECTOR = YES;
				GCC_WARN_UNINITIALIZED_AUTOS = YES_AGGRESSIVE;
				GCC_WARN_UNUSED_FUNCTION = YES;
				GCC_WARN_UNUSED_VARIABLE = YES;
				IPHONEOS_DEPLOYMENT_TARGET = 16.2;
				MTL_ENABLE_DEBUG_INFO = INCLUDE_SOURCE;
				MTL_FAST_MATH = YES;
				ONLY_ACTIVE_ARCH = YES;
				SDKROOT = iphoneos;
				SWIFT_ACTIVE_COMPILATION_CONDITIONS = DEBUG;
				SWIFT_OPTIMIZATION_LEVEL = "-Onone";
			};
			name = Debug;
		};
		918BD4AF2A48657D0047509D /* Release */ = {
			isa = XCBuildConfiguration;
			buildSettings = {
				ALWAYS_SEARCH_USER_PATHS = NO;
				CLANG_ANALYZER_NONNULL = YES;
				CLANG_ANALYZER_NUMBER_OBJECT_CONVERSION = YES_AGGRESSIVE;
				CLANG_CXX_LANGUAGE_STANDARD = "gnu++20";
				CLANG_ENABLE_MODULES = YES;
				CLANG_ENABLE_OBJC_ARC = YES;
				CLANG_ENABLE_OBJC_WEAK = YES;
				CLANG_WARN_BLOCK_CAPTURE_AUTORELEASING = YES;
				CLANG_WARN_BOOL_CONVERSION = YES;
				CLANG_WARN_COMMA = YES;
				CLANG_WARN_CONSTANT_CONVERSION = YES;
				CLANG_WARN_DEPRECATED_OBJC_IMPLEMENTATIONS = YES;
				CLANG_WARN_DIRECT_OBJC_ISA_USAGE = YES_ERROR;
				CLANG_WARN_DOCUMENTATION_COMMENTS = YES;
				CLANG_WARN_EMPTY_BODY = YES;
				CLANG_WARN_ENUM_CONVERSION = YES;
				CLANG_WARN_INFINITE_RECURSION = YES;
				CLANG_WARN_INT_CONVERSION = YES;
				CLANG_WARN_NON_LITERAL_NULL_CONVERSION = YES;
				CLANG_WARN_OBJC_IMPLICIT_RETAIN_SELF = YES;
				CLANG_WARN_OBJC_LITERAL_CONVERSION = YES;
				CLANG_WARN_OBJC_ROOT_CLASS = YES_ERROR;
				CLANG_WARN_QUOTED_INCLUDE_IN_FRAMEWORK_HEADER = YES;
				CLANG_WARN_RANGE_LOOP_ANALYSIS = YES;
				CLANG_WARN_STRICT_PROTOTYPES = YES;
				CLANG_WARN_SUSPICIOUS_MOVE = YES;
				CLANG_WARN_UNGUARDED_AVAILABILITY = YES_AGGRESSIVE;
				CLANG_WARN_UNREACHABLE_CODE = YES;
				CLANG_WARN__DUPLICATE_METHOD_MATCH = YES;
				COPY_PHASE_STRIP = NO;
				DEBUG_INFORMATION_FORMAT = "dwarf-with-dsym";
				ENABLE_NS_ASSERTIONS = NO;
				ENABLE_STRICT_OBJC_MSGSEND = YES;
				GCC_C_LANGUAGE_STANDARD = gnu11;
				GCC_NO_COMMON_BLOCKS = YES;
				GCC_WARN_64_TO_32_BIT_CONVERSION = YES;
				GCC_WARN_ABOUT_RETURN_TYPE = YES_ERROR;
				GCC_WARN_UNDECLARED_SELECTOR = YES;
				GCC_WARN_UNINITIALIZED_AUTOS = YES_AGGRESSIVE;
				GCC_WARN_UNUSED_FUNCTION = YES;
				GCC_WARN_UNUSED_VARIABLE = YES;
				IPHONEOS_DEPLOYMENT_TARGET = 16.2;
				MTL_ENABLE_DEBUG_INFO = NO;
				MTL_FAST_MATH = YES;
				SDKROOT = iphoneos;
				SWIFT_COMPILATION_MODE = wholemodule;
				SWIFT_OPTIMIZATION_LEVEL = "-O";
				VALIDATE_PRODUCT = YES;
			};
			name = Release;
		};
		918BD4B12A48657D0047509D /* Debug */ = {
			isa = XCBuildConfiguration;
			buildSettings = {
				ASSETCATALOG_COMPILER_APPICON_NAME = AppIcon;
				ASSETCATALOG_COMPILER_GLOBAL_ACCENT_COLOR_NAME = AccentColor;
				CODE_SIGN_STYLE = Automatic;
				CURRENT_PROJECT_VERSION = 1;
				GENERATE_INFOPLIST_FILE = YES;
				INFOPLIST_FILE = LecOneTestDemo/Info.plist;
				INFOPLIST_KEY_UIApplicationSupportsIndirectInputEvents = YES;
				INFOPLIST_KEY_UILaunchStoryboardName = LaunchScreen;
				INFOPLIST_KEY_UIMainStoryboardFile = Main;
				INFOPLIST_KEY_UISupportedInterfaceOrientations_iPad = "UIInterfaceOrientationPortrait UIInterfaceOrientationPortraitUpsideDown UIInterfaceOrientationLandscapeLeft UIInterfaceOrientationLandscapeRight";
				INFOPLIST_KEY_UISupportedInterfaceOrientations_iPhone = "UIInterfaceOrientationPortrait UIInterfaceOrientationLandscapeLeft UIInterfaceOrientationLandscapeRight";
				LD_RUNPATH_SEARCH_PATHS = (
					"$(inherited)",
					"@executable_path/Frameworks",
				);
				MARKETING_VERSION = 1.0;
				PRODUCT_BUNDLE_IDENTIFIER = ProjectsMySelf.LecOneTestDemo;
				PRODUCT_NAME = "$(TARGET_NAME)";
				SWIFT_EMIT_LOC_STRINGS = YES;
				SWIFT_VERSION = 5.0;
				TARGETED_DEVICE_FAMILY = "1,2";
			};
			name = Debug;
		};
		918BD4B22A48657D0047509D /* Release */ = {
			isa = XCBuildConfiguration;
			buildSettings = {
				ASSETCATALOG_COMPILER_APPICON_NAME = AppIcon;
				ASSETCATALOG_COMPILER_GLOBAL_ACCENT_COLOR_NAME = AccentColor;
				CODE_SIGN_STYLE = Automatic;
				CURRENT_PROJECT_VERSION = 1;
				GENERATE_INFOPLIST_FILE = YES;
				INFOPLIST_FILE = LecOneTestDemo/Info.plist;
				INFOPLIST_KEY_UIApplicationSupportsIndirectInputEvents = YES;
				INFOPLIST_KEY_UILaunchStoryboardName = LaunchScreen;
				INFOPLIST_KEY_UIMainStoryboardFile = Main;
				INFOPLIST_KEY_UISupportedInterfaceOrientations_iPad = "UIInterfaceOrientationPortrait UIInterfaceOrientationPortraitUpsideDown UIInterfaceOrientationLandscapeLeft UIInterfaceOrientationLandscapeRight";
				INFOPLIST_KEY_UISupportedInterfaceOrientations_iPhone = "UIInterfaceOrientationPortrait UIInterfaceOrientationLandscapeLeft UIInterfaceOrientationLandscapeRight";
				LD_RUNPATH_SEARCH_PATHS = (
					"$(inherited)",
					"@executable_path/Frameworks",
				);
				MARKETING_VERSION = 1.0;
				PRODUCT_BUNDLE_IDENTIFIER = ProjectsMySelf.LecOneTestDemo;
				PRODUCT_NAME = "$(TARGET_NAME)";
				SWIFT_EMIT_LOC_STRINGS = YES;
				SWIFT_VERSION = 5.0;
				TARGETED_DEVICE_FAMILY = "1,2";
			};
			name = Release;
		};
		918BD4B42A48657D0047509D /* Debug */ = {
			isa = XCBuildConfiguration;
			buildSettings = {
				ALWAYS_EMBED_SWIFT_STANDARD_LIBRARIES = YES;
				BUNDLE_LOADER = "$(TEST_HOST)";
				CODE_SIGN_STYLE = Automatic;
				CURRENT_PROJECT_VERSION = 1;
				GENERATE_INFOPLIST_FILE = YES;
				IPHONEOS_DEPLOYMENT_TARGET = 16.2;
				MARKETING_VERSION = 1.0;
				PRODUCT_BUNDLE_IDENTIFIER = ProjectsMySelf.LecOneTestDemoTests;
				PRODUCT_NAME = "$(TARGET_NAME)";
				SWIFT_EMIT_LOC_STRINGS = NO;
				SWIFT_VERSION = 5.0;
				TARGETED_DEVICE_FAMILY = "1,2";
				TEST_HOST = "$(BUILT_PRODUCTS_DIR)/LecOneTestDemo.app/$(BUNDLE_EXECUTABLE_FOLDER_PATH)/LecOneTestDemo";
			};
			name = Debug;
		};
		918BD4B52A48657D0047509D /* Release */ = {
			isa = XCBuildConfiguration;
			buildSettings = {
				ALWAYS_EMBED_SWIFT_STANDARD_LIBRARIES = YES;
				BUNDLE_LOADER = "$(TEST_HOST)";
				CODE_SIGN_STYLE = Automatic;
				CURRENT_PROJECT_VERSION = 1;
				GENERATE_INFOPLIST_FILE = YES;
				IPHONEOS_DEPLOYMENT_TARGET = 16.2;
				MARKETING_VERSION = 1.0;
				PRODUCT_BUNDLE_IDENTIFIER = ProjectsMySelf.LecOneTestDemoTests;
				PRODUCT_NAME = "$(TARGET_NAME)";
				SWIFT_EMIT_LOC_STRINGS = NO;
				SWIFT_VERSION = 5.0;
				TARGETED_DEVICE_FAMILY = "1,2";
				TEST_HOST = "$(BUILT_PRODUCTS_DIR)/LecOneTestDemo.app/$(BUNDLE_EXECUTABLE_FOLDER_PATH)/LecOneTestDemo";
			};
			name = Release;
		};
		918BD4B72A48657D0047509D /* Debug */ = {
			isa = XCBuildConfiguration;
			buildSettings = {
				ALWAYS_EMBED_SWIFT_STANDARD_LIBRARIES = YES;
				CODE_SIGN_STYLE = Automatic;
				CURRENT_PROJECT_VERSION = 1;
				GENERATE_INFOPLIST_FILE = YES;
				MARKETING_VERSION = 1.0;
				PRODUCT_BUNDLE_IDENTIFIER = ProjectsMySelf.LecOneTestDemoUITests;
				PRODUCT_NAME = "$(TARGET_NAME)";
				SWIFT_EMIT_LOC_STRINGS = NO;
				SWIFT_VERSION = 5.0;
				TARGETED_DEVICE_FAMILY = "1,2";
				TEST_TARGET_NAME = LecOneTestDemo;
			};
			name = Debug;
		};
		918BD4B82A48657D0047509D /* Release */ = {
			isa = XCBuildConfiguration;
			buildSettings = {
				ALWAYS_EMBED_SWIFT_STANDARD_LIBRARIES = YES;
				CODE_SIGN_STYLE = Automatic;
				CURRENT_PROJECT_VERSION = 1;
				GENERATE_INFOPLIST_FILE = YES;
				MARKETING_VERSION = 1.0;
				PRODUCT_BUNDLE_IDENTIFIER = ProjectsMySelf.LecOneTestDemoUITests;
				PRODUCT_NAME = "$(TARGET_NAME)";
				SWIFT_EMIT_LOC_STRINGS = NO;
				SWIFT_VERSION = 5.0;
				TARGETED_DEVICE_FAMILY = "1,2";
				TEST_TARGET_NAME = LecOneTestDemo;
			};
			name = Release;
		};
/* End XCBuildConfiguration section */

/* Begin XCConfigurationList section */
		918BD4812A48657B0047509D /* Build configuration list for PBXProject "LecOneTestDemo" */ = {
			isa = XCConfigurationList;
			buildConfigurations = (
				918BD4AE2A48657D0047509D /* Debug */,
				918BD4AF2A48657D0047509D /* Release */,
			);
			defaultConfigurationIsVisible = 0;
			defaultConfigurationName = Release;
		};
		918BD4B02A48657D0047509D /* Build configuration list for PBXNativeTarget "LecOneTestDemo" */ = {
			isa = XCConfigurationList;
			buildConfigurations = (
				918BD4B12A48657D0047509D /* Debug */,
				918BD4B22A48657D0047509D /* Release */,
			);
			defaultConfigurationIsVisible = 0;
			defaultConfigurationName = Release;
		};
		918BD4B32A48657D0047509D /* Build configuration list for PBXNativeTarget "LecOneTestDemoTests" */ = {
			isa = XCConfigurationList;
			buildConfigurations = (
				918BD4B42A48657D0047509D /* Debug */,
				918BD4B52A48657D0047509D /* Release */,
			);
			defaultConfigurationIsVisible = 0;
			defaultConfigurationName = Release;
		};
		918BD4B62A48657D0047509D /* Build configuration list for PBXNativeTarget "LecOneTestDemoUITests" */ = {
			isa = XCConfigurationList;
			buildConfigurations = (
				918BD4B72A48657D0047509D /* Debug */,
				918BD4B82A48657D0047509D /* Release */,
			);
			defaultConfigurationIsVisible = 0;
			defaultConfigurationName = Release;
		};
/* End XCConfigurationList section */
	};
	rootObject = 918BD47E2A48657B0047509D /* Project object */;
}
